// !$*UTF8*$!
{
	archiveVersion = 1;
	classes = {
	};
	objectVersion = 50;
	objects = {

/* Begin PBXBuildFile section */
		FC6A6F4A25333BDA002604E9 /* FilmAramaSwiftUIApp.swift in Sources */ = {isa = PBXBuildFile; fileRef = FC6A6F4925333BDA002604E9 /* FilmAramaSwiftUIApp.swift */; };
		FC6A6F4C25333BDA002604E9 /* FilmListeView.swift in Sources */ = {isa = PBXBuildFile; fileRef = FC6A6F4B25333BDA002604E9 /* FilmListeView.swift */; };
		FC6A6F4E25333BDF002604E9 /* Assets.xcassets in Resources */ = {isa = PBXBuildFile; fileRef = FC6A6F4D25333BDF002604E9 /* Assets.xcassets */; };
		FC6A6F5125333BDF002604E9 /* Preview Assets.xcassets in Resources */ = {isa = PBXBuildFile; fileRef = FC6A6F5025333BDF002604E9 /* Preview Assets.xcassets */; };
		FC6A6F5E25333C84002604E9 /* Film.swift in Sources */ = {isa = PBXBuildFile; fileRef = FC6A6F5D25333C84002604E9 /* Film.swift */; };
		FC6A6F622534B017002604E9 /* DownloaderClient.swift in Sources */ = {isa = PBXBuildFile; fileRef = FC6A6F612534B017002604E9 /* DownloaderClient.swift */; };
		FC6A6F662536D56E002604E9 /* FilmViewModel.swift in Sources */ = {isa = PBXBuildFile; fileRef = FC6A6F652536D56E002604E9 /* FilmViewModel.swift */; };
		FC6A6F6C2537646F002604E9 /* ImageDownloaderClient.swift in Sources */ = {isa = PBXBuildFile; fileRef = FC6A6F6B2537646F002604E9 /* ImageDownloaderClient.swift */; };
		FC6A6F6F253765BF002604E9 /* OzelImage.swift in Sources */ = {isa = PBXBuildFile; fileRef = FC6A6F6E253765BF002604E9 /* OzelImage.swift */; };
		FC6A6F732538AB90002604E9 /* FilmDetay.swift in Sources */ = {isa = PBXBuildFile; fileRef = FC6A6F722538AB90002604E9 /* FilmDetay.swift */; };
		FC6A6F7E253AE85D002604E9 /* FilmDetayViewModel.swift in Sources */ = {isa = PBXBuildFile; fileRef = FC6A6F7D253AE85D002604E9 /* FilmDetayViewModel.swift */; };
		FC6A6F81253AE9CE002604E9 /* DetayView.swift in Sources */ = {isa = PBXBuildFile; fileRef = FC6A6F80253AE9CE002604E9 /* DetayView.swift */; };
/* End PBXBuildFile section */

/* Begin PBXFileReference section */
		FC6A6F4625333BDA002604E9 /* FilmAramaSwiftUI.app */ = {isa = PBXFileReference; explicitFileType = wrapper.application; includeInIndex = 0; path = FilmAramaSwiftUI.app; sourceTree = BUILT_PRODUCTS_DIR; };
		FC6A6F4925333BDA002604E9 /* FilmAramaSwiftUIApp.swift */ = {isa = PBXFileReference; lastKnownFileType = sourcecode.swift; path = FilmAramaSwiftUIApp.swift; sourceTree = "<group>"; };
		FC6A6F4B25333BDA002604E9 /* FilmListeView.swift */ = {isa = PBXFileReference; lastKnownFileType = sourcecode.swift; path = FilmListeView.swift; sourceTree = "<group>"; };
		FC6A6F4D25333BDF002604E9 /* Assets.xcassets */ = {isa = PBXFileReference; lastKnownFileType = folder.assetcatalog; path = Assets.xcassets; sourceTree = "<group>"; };
		FC6A6F5025333BDF002604E9 /* Preview Assets.xcassets */ = {isa = PBXFileReference; lastKnownFileType = folder.assetcatalog; path = "Preview Assets.xcassets"; sourceTree = "<group>"; };
		FC6A6F5225333BDF002604E9 /* Info.plist */ = {isa = PBXFileReference; lastKnownFileType = text.plist.xml; path = Info.plist; sourceTree = "<group>"; };
		FC6A6F5D25333C84002604E9 /* Film.swift */ = {isa = PBXFileReference; lastKnownFileType = sourcecode.swift; path = Film.swift; sourceTree = "<group>"; };
		FC6A6F612534B017002604E9 /* DownloaderClient.swift */ = {isa = PBXFileReference; lastKnownFileType = sourcecode.swift; path = DownloaderClient.swift; sourceTree = "<group>"; };
		FC6A6F652536D56E002604E9 /* FilmViewModel.swift */ = {isa = PBXFileReference; lastKnownFileType = sourcecode.swift; path = FilmViewModel.swift; sourceTree = "<group>"; };
		FC6A6F6B2537646F002604E9 /* ImageDownloaderClient.swift */ = {isa = PBXFileReference; lastKnownFileType = sourcecode.swift; path = ImageDownloaderClient.swift; sourceTree = "<group>"; };
		FC6A6F6E253765BF002604E9 /* OzelImage.swift */ = {isa = PBXFileReference; lastKnownFileType = sourcecode.swift; path = OzelImage.swift; sourceTree = "<group>"; };
		FC6A6F722538AB90002604E9 /* FilmDetay.swift */ = {isa = PBXFileReference; lastKnownFileType = sourcecode.swift; path = FilmDetay.swift; sourceTree = "<group>"; };
		FC6A6F7D253AE85D002604E9 /* FilmDetayViewModel.swift */ = {isa = PBXFileReference; lastKnownFileType = sourcecode.swift; path = FilmDetayViewModel.swift; sourceTree = "<group>"; };
		FC6A6F80253AE9CE002604E9 /* DetayView.swift */ = {isa = PBXFileReference; lastKnownFileType = sourcecode.swift; path = DetayView.swift; sourceTree = "<group>"; };
/* End PBXFileReference section */

/* Begin PBXFrameworksBuildPhase section */
		FC6A6F4325333BDA002604E9 /* Frameworks */ = {
			isa = PBXFrameworksBuildPhase;
			buildActionMask = 2147483647;
			files = (
			);
			runOnlyForDeploymentPostprocessing = 0;
		};
/* End PBXFrameworksBuildPhase section */

/* Begin PBXGroup section */
		FC6A6F3D25333BDA002604E9 = {
			isa = PBXGroup;
			children = (
				FC6A6F4825333BDA002604E9 /* FilmAramaSwiftUI */,
				FC6A6F4725333BDA002604E9 /* Products */,
			);
			sourceTree = "<group>";
		};
		FC6A6F4725333BDA002604E9 /* Products */ = {
			isa = PBXGroup;
			children = (
				FC6A6F4625333BDA002604E9 /* FilmAramaSwiftUI.app */,
			);
			name = Products;
			sourceTree = "<group>";
		};
		FC6A6F4825333BDA002604E9 /* FilmAramaSwiftUI */ = {
			isa = PBXGroup;
			children = (
				FC6A6F602534AFA0002604E9 /* Service */,
				FC6A6F5C25333C52002604E9 /* App */,
				FC6A6F5B25333C4D002604E9 /* View */,
				FC6A6F5A25333C44002604E9 /* ViewModel */,
				FC6A6F5925333C24002604E9 /* Model */,
				FC6A6F4D25333BDF002604E9 /* Assets.xcassets */,
				FC6A6F5225333BDF002604E9 /* Info.plist */,
				FC6A6F4F25333BDF002604E9 /* Preview Content */,
			);
			path = FilmAramaSwiftUI;
			sourceTree = "<group>";
		};
		FC6A6F4F25333BDF002604E9 /* Preview Content */ = {
			isa = PBXGroup;
			children = (
				FC6A6F5025333BDF002604E9 /* Preview Assets.xcassets */,
			);
			path = "Preview Content";
			sourceTree = "<group>";
		};
		FC6A6F5925333C24002604E9 /* Model */ = {
			isa = PBXGroup;
			children = (
				FC6A6F5D25333C84002604E9 /* Film.swift */,
				FC6A6F722538AB90002604E9 /* FilmDetay.swift */,
			);
			path = Model;
			sourceTree = "<group>";
		};
		FC6A6F5A25333C44002604E9 /* ViewModel */ = {
			isa = PBXGroup;
			children = (
				FC6A6F652536D56E002604E9 /* FilmViewModel.swift */,
				FC6A6F7D253AE85D002604E9 /* FilmDetayViewModel.swift */,
			);
			path = ViewModel;
			sourceTree = "<group>";
		};
		FC6A6F5B25333C4D002604E9 /* View */ = {
			isa = PBXGroup;
			children = (
				FC6A6F4B25333BDA002604E9 /* FilmListeView.swift */,
				FC6A6F6E253765BF002604E9 /* OzelImage.swift */,
				FC6A6F80253AE9CE002604E9 /* DetayView.swift */,
			);
			path = View;
			sourceTree = "<group>";
		};
		FC6A6F5C25333C52002604E9 /* App */ = {
			isa = PBXGroup;
			children = (
				FC6A6F4925333BDA002604E9 /* FilmAramaSwiftUIApp.swift */,
			);
			path = App;
			sourceTree = "<group>";
		};
		FC6A6F602534AFA0002604E9 /* Service */ = {
			isa = PBXGroup;
			children = (
				FC6A6F612534B017002604E9 /* DownloaderClient.swift */,
				FC6A6F6B2537646F002604E9 /* ImageDownloaderClient.swift */,
			);
			path = Service;
			sourceTree = "<group>";
		};
/* End PBXGroup section */

/* Begin PBXNativeTarget section */
		FC6A6F4525333BDA002604E9 /* FilmAramaSwiftUI */ = {
			isa = PBXNativeTarget;
			buildConfigurationList = FC6A6F5525333BDF002604E9 /* Build configuration list for PBXNativeTarget "FilmAramaSwiftUI" */;
			buildPhases = (
				FC6A6F4225333BDA002604E9 /* Sources */,
				FC6A6F4325333BDA002604E9 /* Frameworks */,
				FC6A6F4425333BDA002604E9 /* Resources */,
			);
			buildRules = (
			);
			dependencies = (
			);
			name = FilmAramaSwiftUI;
			productName = FilmAramaSwiftUI;
			productReference = FC6A6F4625333BDA002604E9 /* FilmAramaSwiftUI.app */;
			productType = "com.apple.product-type.application";
		};
/* End PBXNativeTarget section */

/* Begin PBXProject section */
		FC6A6F3E25333BDA002604E9 /* Project object */ = {
			isa = PBXProject;
			attributes = {
				LastSwiftUpdateCheck = 1200;
				LastUpgradeCheck = 1200;
				TargetAttributes = {
					FC6A6F4525333BDA002604E9 = {
						CreatedOnToolsVersion = 12.0.1;
					};
				};
			};
			buildConfigurationList = FC6A6F4125333BDA002604E9 /* Build configuration list for PBXProject "FilmAramaSwiftUI" */;
			compatibilityVersion = "Xcode 9.3";
			developmentRegion = en;
			hasScannedForEncodings = 0;
			knownRegions = (
				en,
				Base,
			);
			mainGroup = FC6A6F3D25333BDA002604E9;
			productRefGroup = FC6A6F4725333BDA002604E9 /* Products */;
			projectDirPath = "";
			projectRoot = "";
			targets = (
				FC6A6F4525333BDA002604E9 /* FilmAramaSwiftUI */,
			);
		};
/* End PBXProject section */

/* Begin PBXResourcesBuildPhase section */
		FC6A6F4425333BDA002604E9 /* Resources */ = {
			isa = PBXResourcesBuildPhase;
			buildActionMask = 2147483647;
			files = (
				FC6A6F5125333BDF002604E9 /* Preview Assets.xcassets in Resources */,
				FC6A6F4E25333BDF002604E9 /* Assets.xcassets in Resources */,
			);
			runOnlyForDeploymentPostprocessing = 0;
		};
/* End PBXResourcesBuildPhase section */

/* Begin PBXSourcesBuildPhase section */
		FC6A6F4225333BDA002604E9 /* Sources */ = {
			isa = PBXSourcesBuildPhase;
			buildActionMask = 2147483647;
			files = (
				FC6A6F81253AE9CE002604E9 /* DetayView.swift in Sources */,
				FC6A6F4C25333BDA002604E9 /* FilmListeView.swift in Sources */,
				FC6A6F732538AB90002604E9 /* FilmDetay.swift in Sources */,
				FC6A6F5E25333C84002604E9 /* Film.swift in Sources */,
				FC6A6F6F253765BF002604E9 /* OzelImage.swift in Sources */,
				FC6A6F662536D56E002604E9 /* FilmViewModel.swift in Sources */,
				FC6A6F4A25333BDA002604E9 /* FilmAramaSwiftUIApp.swift in Sources */,
				FC6A6F622534B017002604E9 /* DownloaderClient.swift in Sources */,
				FC6A6F7E253AE85D002604E9 /* FilmDetayViewModel.swift in Sources */,
				FC6A6F6C2537646F002604E9 /* ImageDownloaderClient.swift in Sources */,
			);
			runOnlyForDeploymentPostprocessing = 0;
		};
/* End PBXSourcesBuildPhase section */

/* Begin XCBuildConfiguration section */
		FC6A6F5325333BDF002604E9 /* Debug */ = {
			isa = XCBuildConfiguration;
			buildSettings = {
				ALWAYS_SEARCH_USER_PATHS = NO;
				CLANG_ANALYZER_NONNULL = YES;
				CLANG_ANALYZER_NUMBER_OBJECT_CONVERSION = YES_AGGRESSIVE;
				CLANG_CXX_LANGUAGE_STANDARD = "gnu++14";
				CLANG_CXX_LIBRARY = "libc++";
				CLANG_ENABLE_MODULES = YES;
				CLANG_ENABLE_OBJC_ARC = YES;
				CLANG_ENABLE_OBJC_WEAK = YES;
				CLANG_WARN_BLOCK_CAPTURE_AUTORELEASING = YES;
				CLANG_WARN_BOOL_CONVERSION = YES;
				CLANG_WARN_COMMA = YES;
				CLANG_WARN_CONSTANT_CONVERSION = YES;
				CLANG_WARN_DEPRECATED_OBJC_IMPLEMENTATIONS = YES;
				CLANG_WARN_DIRECT_OBJC_ISA_USAGE = YES_ERROR;
				CLANG_WARN_DOCUMENTATION_COMMENTS = YES;
				CLANG_WARN_EMPTY_BODY = YES;
				CLANG_WARN_ENUM_CONVERSION = YES;
				CLANG_WARN_INFINITE_RECURSION = YES;
				CLANG_WARN_INT_CONVERSION = YES;
				CLANG_WARN_NON_LITERAL_NULL_CONVERSION = YES;
				CLANG_WARN_OBJC_IMPLICIT_RETAIN_SELF = YES;
				CLANG_WARN_OBJC_LITERAL_CONVERSION = YES;
				CLANG_WARN_OBJC_ROOT_CLASS = YES_ERROR;
				CLANG_WARN_QUOTED_INCLUDE_IN_FRAMEWORK_HEADER = YES;
				CLANG_WARN_RANGE_LOOP_ANALYSIS = YES;
				CLANG_WARN_STRICT_PROTOTYPES = YES;
				CLANG_WARN_SUSPICIOUS_MOVE = YES;
				CLANG_WARN_UNGUARDED_AVAILABILITY = YES_AGGRESSIVE;
				CLANG_WARN_UNREACHABLE_CODE = YES;
				CLANG_WARN__DUPLICATE_METHOD_MATCH = YES;
				COPY_PHASE_STRIP = NO;
				DEBUG_INFORMATION_FORMAT = dwarf;
				ENABLE_STRICT_OBJC_MSGSEND = YES;
				ENABLE_TESTABILITY = YES;
				GCC_C_LANGUAGE_STANDARD = gnu11;
				GCC_DYNAMIC_NO_PIC = NO;
				GCC_NO_COMMON_BLOCKS = YES;
				GCC_OPTIMIZATION_LEVEL = 0;
				GCC_PREPROCESSOR_DEFINITIONS = (
					"DEBUG=1",
					"$(inherited)",
				);
				GCC_WARN_64_TO_32_BIT_CONVERSION = YES;
				GCC_WARN_ABOUT_RETURN_TYPE = YES_ERROR;
				GCC_WARN_UNDECLARED_SELECTOR = YES;
				GCC_WARN_UNINITIALIZED_AUTOS = YES_AGGRESSIVE;
				GCC_WARN_UNUSED_FUNCTION = YES;
				GCC_WARN_UNUSED_VARIABLE = YES;
				IPHONEOS_DEPLOYMENT_TARGET = 14.0;
				MTL_ENABLE_DEBUG_INFO = INCLUDE_SOURCE;
				MTL_FAST_MATH = YES;
				ONLY_ACTIVE_ARCH = YES;
				SDKROOT = iphoneos;
				SWIFT_ACTIVE_COMPILATION_CONDITIONS = DEBUG;
				SWIFT_OPTIMIZATION_LEVEL = "-Onone";
			};
			name = Debug;
		};
		FC6A6F5425333BDF002604E9 /* Release */ = {
			isa = XCBuildConfiguration;
			buildSettings = {
				ALWAYS_SEARCH_USER_PATHS = NO;
				CLANG_ANALYZER_NONNULL = YES;
				CLANG_ANALYZER_NUMBER_OBJECT_CONVERSION = YES_AGGRESSIVE;
				CLANG_CXX_LANGUAGE_STANDARD = "gnu++14";
				CLANG_CXX_LIBRARY = "libc++";
				CLANG_ENABLE_MODULES = YES;
				CLANG_ENABLE_OBJC_ARC = YES;
				CLANG_ENABLE_OBJC_WEAK = YES;
				CLANG_WARN_BLOCK_CAPTURE_AUTORELEASING = YES;
				CLANG_WARN_BOOL_CONVERSION = YES;
				CLANG_WARN_COMMA = YES;
				CLANG_WARN_CONSTANT_CONVERSION = YES;
				CLANG_WARN_DEPRECATED_OBJC_IMPLEMENTATIONS = YES;
				CLANG_WARN_DIRECT_OBJC_ISA_USAGE = YES_ERROR;
				CLANG_WARN_DOCUMENTATION_COMMENTS = YES;
				CLANG_WARN_EMPTY_BODY = YES;
				CLANG_WARN_ENUM_CONVERSION = YES;
				CLANG_WARN_INFINITE_RECURSION = YES;
				CLANG_WARN_INT_CONVERSION = YES;
				CLANG_WARN_NON_LITERAL_NULL_CONVERSION = YES;
				CLANG_WARN_OBJC_IMPLICIT_RETAIN_SELF = YES;
				CLANG_WARN_OBJC_LITERAL_CONVERSION = YES;
				CLANG_WARN_OBJC_ROOT_CLASS = YES_ERROR;
				CLANG_WARN_QUOTED_INCLUDE_IN_FRAMEWORK_HEADER = YES;
				CLANG_WARN_RANGE_LOOP_ANALYSIS = YES;
				CLANG_WARN_STRICT_PROTOTYPES = YES;
				CLANG_WARN_SUSPICIOUS_MOVE = YES;
				CLANG_WARN_UNGUARDED_AVAILABILITY = YES_AGGRESSIVE;
				CLANG_WARN_UNREACHABLE_CODE = YES;
				CLANG_WARN__DUPLICATE_METHOD_MATCH = YES;
				COPY_PHASE_STRIP = NO;
				DEBUG_INFORMATION_FORMAT = "dwarf-with-dsym";
				ENABLE_NS_ASSERTIONS = NO;
				ENABLE_STRICT_OBJC_MSGSEND = YES;
				GCC_C_LANGUAGE_STANDARD = gnu11;
				GCC_NO_COMMON_BLOCKS = YES;
				GCC_WARN_64_TO_32_BIT_CONVERSION = YES;
				GCC_WARN_ABOUT_RETURN_TYPE = YES_ERROR;
				GCC_WARN_UNDECLARED_SELECTOR = YES;
				GCC_WARN_UNINITIALIZED_AUTOS = YES_AGGRESSIVE;
				GCC_WARN_UNUSED_FUNCTION = YES;
				GCC_WARN_UNUSED_VARIABLE = YES;
				IPHONEOS_DEPLOYMENT_TARGET = 14.0;
				MTL_ENABLE_DEBUG_INFO = NO;
				MTL_FAST_MATH = YES;
				SDKROOT = iphoneos;
				SWIFT_COMPILATION_MODE = wholemodule;
				SWIFT_OPTIMIZATION_LEVEL = "-O";
				VALIDATE_PRODUCT = YES;
			};
			name = Release;
		};
		FC6A6F5625333BDF002604E9 /* Debug */ = {
			isa = XCBuildConfiguration;
			buildSettings = {
				ASSETCATALOG_COMPILER_APPICON_NAME = AppIcon;
				ASSETCATALOG_COMPILER_GLOBAL_ACCENT_COLOR_NAME = AccentColor;
				CODE_SIGN_STYLE = Automatic;
				DEVELOPMENT_ASSET_PATHS = "\"FilmAramaSwiftUI/Preview Content\"";
				DEVELOPMENT_TEAM = 7SH627DBA4;
				ENABLE_PREVIEWS = YES;
				INFOPLIST_FILE = FilmAramaSwiftUI/Info.plist;
				IPHONEOS_DEPLOYMENT_TARGET = 14.0;
				LD_RUNPATH_SEARCH_PATHS = (
					"$(inherited)",
					"@executable_path/Frameworks",
				);
				PRODUCT_BUNDLE_IDENTIFIER = com.atilsamancioglu.FilmAramaSwiftUI;
				PRODUCT_NAME = "$(TARGET_NAME)";
				SWIFT_VERSION = 5.0;
				TARGETED_DEVICE_FAMILY = "1,2";
			};
			name = Debug;
		};
		FC6A6F5725333BDF002604E9 /* Release */ = {
			isa = XCBuildConfiguration;
			buildSettings = {
				ASSETCATALOG_COMPILER_APPICON_NAME = AppIcon;
				ASSETCATALOG_COMPILER_GLOBAL_ACCENT_COLOR_NAME = AccentColor;
				CODE_SIGN_STYLE = Automatic;
				DEVELOPMENT_ASSET_PATHS = "\"FilmAramaSwiftUI/Preview Content\"";
				DEVELOPMENT_TEAM = 7SH627DBA4;
				ENABLE_PREVIEWS = YES;
				INFOPLIST_FILE = FilmAramaSwiftUI/Info.plist;
				IPHONEOS_DEPLOYMENT_TARGET = 14.0;
				LD_RUNPATH_SEARCH_PATHS = (
					"$(inherited)",
					"@executable_path/Frameworks",
				);
				PRODUCT_BUNDLE_IDENTIFIER = com.atilsamancioglu.FilmAramaSwiftUI;
				PRODUCT_NAME = "$(TARGET_NAME)";
				SWIFT_VERSION = 5.0;
				TARGETED_DEVICE_FAMILY = "1,2";
			};
			name = Release;
		};
/* End XCBuildConfiguration section */

/* Begin XCConfigurationList section */
		FC6A6F4125333BDA002604E9 /* Build configuration list for PBXProject "FilmAramaSwiftUI" */ = {
			isa = XCConfigurationList;
			buildConfigurations = (
				FC6A6F5325333BDF002604E9 /* Debug */,
				FC6A6F5425333BDF002604E9 /* Release */,
			);
			defaultConfigurationIsVisible = 0;
			defaultConfigurationName = Release;
		};
		FC6A6F5525333BDF002604E9 /* Build configuration list for PBXNativeTarget "FilmAramaSwiftUI" */ = {
			isa = XCConfigurationList;
			buildConfigurations = (
				FC6A6F5625333BDF002604E9 /* Debug */,
				FC6A6F5725333BDF002604E9 /* Release */,
			);
			defaultConfigurationIsVisible = 0;
			defaultConfigurationName = Release;
		};
/* End XCConfigurationList section */
	};
	rootObject = FC6A6F3E25333BDA002604E9 /* Project object */;
}
